
Microsoft Visual Studio Solution File, Format Version 12.00
# Visual Studio 14
VisualStudioVersion = 14.0.25420.1
MinimumVisualStudioVersion = 10.0.40219.1
Project("{FAE04EC0-301F-11D3-BF4B-00C04F79EFBC}") = "MvcIOC", "MvcIOC\MvcIOC.csproj", "{96A2A386-E2ED-4035-B099-CE309542FE84}"
EndProject
Project("{FAE04EC0-301F-11D3-BF4B-00C04F79EFBC}") = "MvcIOC.Tests", "MvcIOC.Tests\MvcIOC.Tests.csproj", "{98C2B7D7-2F93-45E7-B145-415E42039C38}"
EndProject
Global
	GlobalSection(SolutionConfigurationPlatforms) = preSolution
		Debug|Any CPU = Debug|Any CPU
		Release|Any CPU = Release|Any CPU
	EndGlobalSection
	GlobalSection(ProjectConfigurationPlatforms) = postSolution
		{96A2A386-E2ED-4035-B099-CE309542FE84}.Debug|Any CPU.ActiveCfg = Debug|Any CPU
		{96A2A386-E2ED-4035-B099-CE309542FE84}.Debug|Any CPU.Build.0 = Debug|Any CPU
		{96A2A386-E2ED-4035-B099-CE309542FE84}.Release|Any CPU.ActiveCfg = Release|Any CPU
		{96A2A386-E2ED-4035-B099-CE309542FE84}.Release|Any CPU.Build.0 = Release|Any CPU
		{98C2B7D7-2F93-45E7-B145-415E42039C38}.Debug|Any CPU.ActiveCfg = Debug|Any CPU
		{98C2B7D7-2F93-45E7-B145-415E42039C38}.Debug|Any CPU.Build.0 = Debug|Any CPU
		{98C2B7D7-2F93-45E7-B145-415E42039C38}.Release|Any CPU.ActiveCfg = Release|Any CPU
		{98C2B7D7-2F93-45E7-B145-415E42039C38}.Release|Any CPU.Build.0 = Release|Any CPU
	EndGlobalSection
	GlobalSection(SolutionProperties) = preSolution
		HideSolutionNode = FALSE
	EndGlobalSection
EndGlobal
